dependencies:
  espressif/led_strip:
    component_hash: a7d4d67931d61dd2b6f27e681e2e6df45fa70eb0de9b422178930330b2dc1846
    source:
      service_url: https://api.components.espressif.com/
      type: service
    version: 1.1.0-alpha
  idf:
    component_hash: null
    source:
      type: idf
    version: 4.4.1
manifest_hash: a64a4147430adde493b52f950875b6479d8490c60eb7dc7f7437424623d7148e
target: esp32c3
version: 1.0.0
